// !$*UTF8*$!
{
	archiveVersion = 1;
	classes = {
	};
	objectVersion = 56;
	objects = {

/* Begin PBXBuildFile section */
		8069A2AF2A12A56300489A06 /* AppDelegate.swift in Sources */ = {isa = PBXBuildFile; fileRef = 8069A2AE2A12A56300489A06 /* AppDelegate.swift */; };
		8069A2B12A12A56300489A06 /* SceneDelegate.swift in Sources */ = {isa = PBXBuildFile; fileRef = 8069A2B02A12A56300489A06 /* SceneDelegate.swift */; };
		8069A2B32A12A56300489A06 /* MainFeedViewController.swift in Sources */ = {isa = PBXBuildFile; fileRef = 8069A2B22A12A56300489A06 /* MainFeedViewController.swift */; };
		8069A2B62A12A56300489A06 /* Main.storyboard in Resources */ = {isa = PBXBuildFile; fileRef = 8069A2B42A12A56300489A06 /* Main.storyboard */; };
		8069A2B92A12A56300489A06 /* sec_filings.xcdatamodeld in Sources */ = {isa = PBXBuildFile; fileRef = 8069A2B72A12A56300489A06 /* sec_filings.xcdatamodeld */; };
		8069A2BB2A12A56400489A06 /* Assets.xcassets in Resources */ = {isa = PBXBuildFile; fileRef = 8069A2BA2A12A56400489A06 /* Assets.xcassets */; };
		8069A2BE2A12A56400489A06 /* LaunchScreen.storyboard in Resources */ = {isa = PBXBuildFile; fileRef = 8069A2BC2A12A56400489A06 /* LaunchScreen.storyboard */; };
		80959F052A1833A800F7632B /* Company+CoreDataClass.swift in Sources */ = {isa = PBXBuildFile; fileRef = 80959F012A1833A800F7632B /* Company+CoreDataClass.swift */; };
		80959F072A1833A800F7632B /* Filing+CoreDataClass.swift in Sources */ = {isa = PBXBuildFile; fileRef = 80959F032A1833A800F7632B /* Filing+CoreDataClass.swift */; };
		80959F0A2A184B0800F7632B /* AddTickerViewController.swift in Sources */ = {isa = PBXBuildFile; fileRef = 80959F092A184B0800F7632B /* AddTickerViewController.swift */; };
		80B81A382A16E66C00ACC777 /* SECRequester.swift in Sources */ = {isa = PBXBuildFile; fileRef = 80B81A372A16E66C00ACC777 /* SECRequester.swift */; };
		80B81A3A2A16E6DE00ACC777 /* company_tickers_exchange.json in Resources */ = {isa = PBXBuildFile; fileRef = 80B81A392A16E6DE00ACC777 /* company_tickers_exchange.json */; };
		80B81A3E2A16FCAD00ACC777 /* MainFeedTableViewCell.swift in Sources */ = {isa = PBXBuildFile; fileRef = 80B81A3D2A16FCAD00ACC777 /* MainFeedTableViewCell.swift */; };
/* End PBXBuildFile section */

/* Begin PBXFileReference section */
		8069A2AB2A12A56300489A06 /* sec-filings.app */ = {isa = PBXFileReference; explicitFileType = wrapper.application; includeInIndex = 0; path = "sec-filings.app"; sourceTree = BUILT_PRODUCTS_DIR; };
		8069A2AE2A12A56300489A06 /* AppDelegate.swift */ = {isa = PBXFileReference; lastKnownFileType = sourcecode.swift; path = AppDelegate.swift; sourceTree = "<group>"; };
		8069A2B02A12A56300489A06 /* SceneDelegate.swift */ = {isa = PBXFileReference; lastKnownFileType = sourcecode.swift; path = SceneDelegate.swift; sourceTree = "<group>"; };
		8069A2B22A12A56300489A06 /* MainFeedViewController.swift */ = {isa = PBXFileReference; lastKnownFileType = sourcecode.swift; path = MainFeedViewController.swift; sourceTree = "<group>"; };
		8069A2B52A12A56300489A06 /* Base */ = {isa = PBXFileReference; lastKnownFileType = file.storyboard; name = Base; path = Base.lproj/Main.storyboard; sourceTree = "<group>"; };
		8069A2B82A12A56300489A06 /* sec_filings.xcdatamodel */ = {isa = PBXFileReference; lastKnownFileType = wrapper.xcdatamodel; path = sec_filings.xcdatamodel; sourceTree = "<group>"; };
		8069A2BA2A12A56400489A06 /* Assets.xcassets */ = {isa = PBXFileReference; lastKnownFileType = folder.assetcatalog; path = Assets.xcassets; sourceTree = "<group>"; };
		8069A2BD2A12A56400489A06 /* Base */ = {isa = PBXFileReference; lastKnownFileType = file.storyboard; name = Base; path = Base.lproj/LaunchScreen.storyboard; sourceTree = "<group>"; };
		8069A2BF2A12A56400489A06 /* Info.plist */ = {isa = PBXFileReference; lastKnownFileType = text.plist.xml; path = Info.plist; sourceTree = "<group>"; };
		80959F012A1833A800F7632B /* Company+CoreDataClass.swift */ = {isa = PBXFileReference; lastKnownFileType = sourcecode.swift; path = "Company+CoreDataClass.swift"; sourceTree = "<group>"; };
		80959F032A1833A800F7632B /* Filing+CoreDataClass.swift */ = {isa = PBXFileReference; lastKnownFileType = sourcecode.swift; path = "Filing+CoreDataClass.swift"; sourceTree = "<group>"; };
		80959F092A184B0800F7632B /* AddTickerViewController.swift */ = {isa = PBXFileReference; lastKnownFileType = sourcecode.swift; path = AddTickerViewController.swift; sourceTree = "<group>"; };
		80B81A372A16E66C00ACC777 /* SECRequester.swift */ = {isa = PBXFileReference; lastKnownFileType = sourcecode.swift; path = SECRequester.swift; sourceTree = "<group>"; };
		80B81A392A16E6DE00ACC777 /* company_tickers_exchange.json */ = {isa = PBXFileReference; fileEncoding = 4; lastKnownFileType = text.json; path = company_tickers_exchange.json; sourceTree = "<group>"; };
		80B81A3B2A16FA1600ACC777 /* README.md */ = {isa = PBXFileReference; lastKnownFileType = net.daringfireball.markdown; path = README.md; sourceTree = "<group>"; };
		80B81A3D2A16FCAD00ACC777 /* MainFeedTableViewCell.swift */ = {isa = PBXFileReference; lastKnownFileType = sourcecode.swift; path = MainFeedTableViewCell.swift; sourceTree = "<group>"; };
/* End PBXFileReference section */

/* Begin PBXFrameworksBuildPhase section */
		8069A2A82A12A56300489A06 /* Frameworks */ = {
			isa = PBXFrameworksBuildPhase;
			buildActionMask = 2147483647;
			files = (
			);
			runOnlyForDeploymentPostprocessing = 0;
		};
/* End PBXFrameworksBuildPhase section */

/* Begin PBXGroup section */
		8069A2A22A12A56300489A06 = {
			isa = PBXGroup;
			children = (
				80B81A3B2A16FA1600ACC777 /* README.md */,
				8069A2AD2A12A56300489A06 /* sec-filings */,
				8069A2AC2A12A56300489A06 /* Products */,
			);
			sourceTree = "<group>";
		};
		8069A2AC2A12A56300489A06 /* Products */ = {
			isa = PBXGroup;
			children = (
				8069A2AB2A12A56300489A06 /* sec-filings.app */,
			);
			name = Products;
			sourceTree = "<group>";
		};
		8069A2AD2A12A56300489A06 /* sec-filings */ = {
			isa = PBXGroup;
			children = (
				80B81A3C2A16FCA000ACC777 /* Views */,
				80B81A362A16E61A00ACC777 /* Data */,
				80B81A352A16E43100ACC777 /* VCs */,
				8069A2AE2A12A56300489A06 /* AppDelegate.swift */,
				8069A2B02A12A56300489A06 /* SceneDelegate.swift */,
				8069A2B42A12A56300489A06 /* Main.storyboard */,
				8069A2BA2A12A56400489A06 /* Assets.xcassets */,
				8069A2BC2A12A56400489A06 /* LaunchScreen.storyboard */,
				8069A2BF2A12A56400489A06 /* Info.plist */,
				80B81A392A16E6DE00ACC777 /* company_tickers_exchange.json */,
			);
			path = "sec-filings";
			sourceTree = "<group>";
		};
		80B81A352A16E43100ACC777 /* VCs */ = {
			isa = PBXGroup;
			children = (
				8069A2B22A12A56300489A06 /* MainFeedViewController.swift */,
				80959F092A184B0800F7632B /* AddTickerViewController.swift */,
			);
			path = VCs;
			sourceTree = "<group>";
		};
		80B81A362A16E61A00ACC777 /* Data */ = {
			isa = PBXGroup;
			children = (
				80959F012A1833A800F7632B /* Company+CoreDataClass.swift */,
				80959F032A1833A800F7632B /* Filing+CoreDataClass.swift */,
				80B81A372A16E66C00ACC777 /* SECRequester.swift */,
				8069A2B72A12A56300489A06 /* sec_filings.xcdatamodeld */,
			);
			path = Data;
			sourceTree = "<group>";
		};
		80B81A3C2A16FCA000ACC777 /* Views */ = {
			isa = PBXGroup;
			children = (
				80B81A3D2A16FCAD00ACC777 /* MainFeedTableViewCell.swift */,
			);
			path = Views;
			sourceTree = "<group>";
		};
/* End PBXGroup section */

/* Begin PBXNativeTarget section */
		8069A2AA2A12A56300489A06 /* sec-filings */ = {
			isa = PBXNativeTarget;
			buildConfigurationList = 8069A2C22A12A56400489A06 /* Build configuration list for PBXNativeTarget "sec-filings" */;
			buildPhases = (
				8069A2A72A12A56300489A06 /* Sources */,
				8069A2A82A12A56300489A06 /* Frameworks */,
				8069A2A92A12A56300489A06 /* Resources */,
			);
			buildRules = (
			);
			dependencies = (
			);
			name = "sec-filings";
			productName = "sec-filings";
			productReference = 8069A2AB2A12A56300489A06 /* sec-filings.app */;
			productType = "com.apple.product-type.application";
		};
/* End PBXNativeTarget section */

/* Begin PBXProject section */
		8069A2A32A12A56300489A06 /* Project object */ = {
			isa = PBXProject;
			attributes = {
				BuildIndependentTargetsInParallel = 1;
				LastSwiftUpdateCheck = 1430;
				LastUpgradeCheck = 1430;
				TargetAttributes = {
					8069A2AA2A12A56300489A06 = {
						CreatedOnToolsVersion = 14.3;
					};
				};
			};
			buildConfigurationList = 8069A2A62A12A56300489A06 /* Build configuration list for PBXProject "sec-filings" */;
			compatibilityVersion = "Xcode 14.0";
			developmentRegion = en;
			hasScannedForEncodings = 0;
			knownRegions = (
				en,
				Base,
			);
			mainGroup = 8069A2A22A12A56300489A06;
			productRefGroup = 8069A2AC2A12A56300489A06 /* Products */;
			projectDirPath = "";
			projectRoot = "";
			targets = (
				8069A2AA2A12A56300489A06 /* sec-filings */,
			);
		};
/* End PBXProject section */

/* Begin PBXResourcesBuildPhase section */
		8069A2A92A12A56300489A06 /* Resources */ = {
			isa = PBXResourcesBuildPhase;
			buildActionMask = 2147483647;
			files = (
				8069A2BE2A12A56400489A06 /* LaunchScreen.storyboard in Resources */,
				8069A2BB2A12A56400489A06 /* Assets.xcassets in Resources */,
				80B81A3A2A16E6DE00ACC777 /* company_tickers_exchange.json in Resources */,
				8069A2B62A12A56300489A06 /* Main.storyboard in Resources */,
			);
			runOnlyForDeploymentPostprocessing = 0;
		};
/* End PBXResourcesBuildPhase section */

/* Begin PBXSourcesBuildPhase section */
		8069A2A72A12A56300489A06 /* Sources */ = {
			isa = PBXSourcesBuildPhase;
			buildActionMask = 2147483647;
			files = (
				80959F072A1833A800F7632B /* Filing+CoreDataClass.swift in Sources */,
				8069A2B32A12A56300489A06 /* MainFeedViewController.swift in Sources */,
				8069A2AF2A12A56300489A06 /* AppDelegate.swift in Sources */,
				80B81A3E2A16FCAD00ACC777 /* MainFeedTableViewCell.swift in Sources */,
				8069A2B92A12A56300489A06 /* sec_filings.xcdatamodeld in Sources */,
				80B81A382A16E66C00ACC777 /* SECRequester.swift in Sources */,
				80959F052A1833A800F7632B /* Company+CoreDataClass.swift in Sources */,
				8069A2B12A12A56300489A06 /* SceneDelegate.swift in Sources */,
				80959F0A2A184B0800F7632B /* AddTickerViewController.swift in Sources */,
			);
			runOnlyForDeploymentPostprocessing = 0;
		};
/* End PBXSourcesBuildPhase section */

/* Begin PBXVariantGroup section */
		8069A2B42A12A56300489A06 /* Main.storyboard */ = {
			isa = PBXVariantGroup;
			children = (
				8069A2B52A12A56300489A06 /* Base */,
			);
			name = Main.storyboard;
			sourceTree = "<group>";
		};
		8069A2BC2A12A56400489A06 /* LaunchScreen.storyboard */ = {
			isa = PBXVariantGroup;
			children = (
				8069A2BD2A12A56400489A06 /* Base */,
			);
			name = LaunchScreen.storyboard;
			sourceTree = "<group>";
		};
/* End PBXVariantGroup section */

/* Begin XCBuildConfiguration section */
		8069A2C02A12A56400489A06 /* Debug */ = {
			isa = XCBuildConfiguration;
			buildSettings = {
				ALWAYS_SEARCH_USER_PATHS = NO;
				CLANG_ANALYZER_NONNULL = YES;
				CLANG_ANALYZER_NUMBER_OBJECT_CONVERSION = YES_AGGRESSIVE;
				CLANG_CXX_LANGUAGE_STANDARD = "gnu++20";
				CLANG_ENABLE_MODULES = YES;
				CLANG_ENABLE_OBJC_ARC = YES;
				CLANG_ENABLE_OBJC_WEAK = YES;
				CLANG_WARN_BLOCK_CAPTURE_AUTORELEASING = YES;
				CLANG_WARN_BOOL_CONVERSION = YES;
				CLANG_WARN_COMMA = YES;
				CLANG_WARN_CONSTANT_CONVERSION = YES;
				CLANG_WARN_DEPRECATED_OBJC_IMPLEMENTATIONS = YES;
				CLANG_WARN_DIRECT_OBJC_ISA_USAGE = YES_ERROR;
				CLANG_WARN_DOCUMENTATION_COMMENTS = YES;
				CLANG_WARN_EMPTY_BODY = YES;
				CLANG_WARN_ENUM_CONVERSION = YES;
				CLANG_WARN_INFINITE_RECURSION = YES;
				CLANG_WARN_INT_CONVERSION = YES;
				CLANG_WARN_NON_LITERAL_NULL_CONVERSION = YES;
				CLANG_WARN_OBJC_IMPLICIT_RETAIN_SELF = YES;
				CLANG_WARN_OBJC_LITERAL_CONVERSION = YES;
				CLANG_WARN_OBJC_ROOT_CLASS = YES_ERROR;
				CLANG_WARN_QUOTED_INCLUDE_IN_FRAMEWORK_HEADER = YES;
				CLANG_WARN_RANGE_LOOP_ANALYSIS = YES;
				CLANG_WARN_STRICT_PROTOTYPES = YES;
				CLANG_WARN_SUSPICIOUS_MOVE = YES;
				CLANG_WARN_UNGUARDED_AVAILABILITY = YES_AGGRESSIVE;
				CLANG_WARN_UNREACHABLE_CODE = YES;
				CLANG_WARN__DUPLICATE_METHOD_MATCH = YES;
				COPY_PHASE_STRIP = NO;
				DEBUG_INFORMATION_FORMAT = dwarf;
				ENABLE_STRICT_OBJC_MSGSEND = YES;
				ENABLE_TESTABILITY = YES;
				GCC_C_LANGUAGE_STANDARD = gnu11;
				GCC_DYNAMIC_NO_PIC = NO;
				GCC_NO_COMMON_BLOCKS = YES;
				GCC_OPTIMIZATION_LEVEL = 0;
				GCC_PREPROCESSOR_DEFINITIONS = (
					"DEBUG=1",
					"$(inherited)",
				);
				GCC_WARN_64_TO_32_BIT_CONVERSION = YES;
				GCC_WARN_ABOUT_RETURN_TYPE = YES_ERROR;
				GCC_WARN_UNDECLARED_SELECTOR = YES;
				GCC_WARN_UNINITIALIZED_AUTOS = YES_AGGRESSIVE;
				GCC_WARN_UNUSED_FUNCTION = YES;
				GCC_WARN_UNUSED_VARIABLE = YES;
				IPHONEOS_DEPLOYMENT_TARGET = 16.4;
				MTL_ENABLE_DEBUG_INFO = INCLUDE_SOURCE;
				MTL_FAST_MATH = YES;
				ONLY_ACTIVE_ARCH = YES;
				SDKROOT = iphoneos;
				SWIFT_ACTIVE_COMPILATION_CONDITIONS = DEBUG;
				SWIFT_OPTIMIZATION_LEVEL = "-Onone";
			};
			name = Debug;
		};
		8069A2C12A12A56400489A06 /* Release */ = {
			isa = XCBuildConfiguration;
			buildSettings = {
				ALWAYS_SEARCH_USER_PATHS = NO;
				CLANG_ANALYZER_NONNULL = YES;
				CLANG_ANALYZER_NUMBER_OBJECT_CONVERSION = YES_AGGRESSIVE;
				CLANG_CXX_LANGUAGE_STANDARD = "gnu++20";
				CLANG_ENABLE_MODULES = YES;
				CLANG_ENABLE_OBJC_ARC = YES;
				CLANG_ENABLE_OBJC_WEAK = YES;
				CLANG_WARN_BLOCK_CAPTURE_AUTORELEASING = YES;
				CLANG_WARN_BOOL_CONVERSION = YES;
				CLANG_WARN_COMMA = YES;
				CLANG_WARN_CONSTANT_CONVERSION = YES;
				CLANG_WARN_DEPRECATED_OBJC_IMPLEMENTATIONS = YES;
				CLANG_WARN_DIRECT_OBJC_ISA_USAGE = YES_ERROR;
				CLANG_WARN_DOCUMENTATION_COMMENTS = YES;
				CLANG_WARN_EMPTY_BODY = YES;
				CLANG_WARN_ENUM_CONVERSION = YES;
				CLANG_WARN_INFINITE_RECURSION = YES;
				CLANG_WARN_INT_CONVERSION = YES;
				CLANG_WARN_NON_LITERAL_NULL_CONVERSION = YES;
				CLANG_WARN_OBJC_IMPLICIT_RETAIN_SELF = YES;
				CLANG_WARN_OBJC_LITERAL_CONVERSION = YES;
				CLANG_WARN_OBJC_ROOT_CLASS = YES_ERROR;
				CLANG_WARN_QUOTED_INCLUDE_IN_FRAMEWORK_HEADER = YES;
				CLANG_WARN_RANGE_LOOP_ANALYSIS = YES;
				CLANG_WARN_STRICT_PROTOTYPES = YES;
				CLANG_WARN_SUSPICIOUS_MOVE = YES;
				CLANG_WARN_UNGUARDED_AVAILABILITY = YES_AGGRESSIVE;
				CLANG_WARN_UNREACHABLE_CODE = YES;
				CLANG_WARN__DUPLICATE_METHOD_MATCH = YES;
				COPY_PHASE_STRIP = NO;
				DEBUG_INFORMATION_FORMAT = "dwarf-with-dsym";
				ENABLE_NS_ASSERTIONS = NO;
				ENABLE_STRICT_OBJC_MSGSEND = YES;
				GCC_C_LANGUAGE_STANDARD = gnu11;
				GCC_NO_COMMON_BLOCKS = YES;
				GCC_WARN_64_TO_32_BIT_CONVERSION = YES;
				GCC_WARN_ABOUT_RETURN_TYPE = YES_ERROR;
				GCC_WARN_UNDECLARED_SELECTOR = YES;
				GCC_WARN_UNINITIALIZED_AUTOS = YES_AGGRESSIVE;
				GCC_WARN_UNUSED_FUNCTION = YES;
				GCC_WARN_UNUSED_VARIABLE = YES;
				IPHONEOS_DEPLOYMENT_TARGET = 16.4;
				MTL_ENABLE_DEBUG_INFO = NO;
				MTL_FAST_MATH = YES;
				SDKROOT = iphoneos;
				SWIFT_COMPILATION_MODE = wholemodule;
				SWIFT_OPTIMIZATION_LEVEL = "-O";
				VALIDATE_PRODUCT = YES;
			};
			name = Release;
		};
		8069A2C32A12A56400489A06 /* Debug */ = {
			isa = XCBuildConfiguration;
			buildSettings = {
				ASSETCATALOG_COMPILER_APPICON_NAME = AppIcon;
				ASSETCATALOG_COMPILER_GLOBAL_ACCENT_COLOR_NAME = AccentColor;
				CODE_SIGN_STYLE = Automatic;
				CURRENT_PROJECT_VERSION = 1;
				DEVELOPMENT_TEAM = UTDS9Q6KAY;
				GENERATE_INFOPLIST_FILE = YES;
				INFOPLIST_FILE = "sec-filings/Info.plist";
				INFOPLIST_KEY_UIApplicationSupportsIndirectInputEvents = YES;
				INFOPLIST_KEY_UILaunchStoryboardName = LaunchScreen;
				INFOPLIST_KEY_UIMainStoryboardFile = Main;
				INFOPLIST_KEY_UISupportedInterfaceOrientations_iPad = "UIInterfaceOrientationPortrait UIInterfaceOrientationPortraitUpsideDown UIInterfaceOrientationLandscapeLeft UIInterfaceOrientationLandscapeRight";
				INFOPLIST_KEY_UISupportedInterfaceOrientations_iPhone = "UIInterfaceOrientationPortrait UIInterfaceOrientationLandscapeLeft UIInterfaceOrientationLandscapeRight";
				LD_RUNPATH_SEARCH_PATHS = (
					"$(inherited)",
					"@executable_path/Frameworks",
				);
				MARKETING_VERSION = 1.0;
				PRODUCT_BUNDLE_IDENTIFIER = "me.aramis.sec-filings";
				PRODUCT_NAME = "$(TARGET_NAME)";
				SWIFT_EMIT_LOC_STRINGS = YES;
				SWIFT_VERSION = 5.0;
				TARGETED_DEVICE_FAMILY = "1,2";
			};
			name = Debug;
		};
		8069A2C42A12A56400489A06 /* Release */ = {
			isa = XCBuildConfiguration;
			buildSettings = {
				ASSETCATALOG_COMPILER_APPICON_NAME = AppIcon;
				ASSETCATALOG_COMPILER_GLOBAL_ACCENT_COLOR_NAME = AccentColor;
				CODE_SIGN_STYLE = Automatic;
				CURRENT_PROJECT_VERSION = 1;
				DEVELOPMENT_TEAM = UTDS9Q6KAY;
				GENERATE_INFOPLIST_FILE = YES;
				INFOPLIST_FILE = "sec-filings/Info.plist";
				INFOPLIST_KEY_UIApplicationSupportsIndirectInputEvents = YES;
				INFOPLIST_KEY_UILaunchStoryboardName = LaunchScreen;
				INFOPLIST_KEY_UIMainStoryboardFile = Main;
				INFOPLIST_KEY_UISupportedInterfaceOrientations_iPad = "UIInterfaceOrientationPortrait UIInterfaceOrientationPortraitUpsideDown UIInterfaceOrientationLandscapeLeft UIInterfaceOrientationLandscapeRight";
				INFOPLIST_KEY_UISupportedInterfaceOrientations_iPhone = "UIInterfaceOrientationPortrait UIInterfaceOrientationLandscapeLeft UIInterfaceOrientationLandscapeRight";
				LD_RUNPATH_SEARCH_PATHS = (
					"$(inherited)",
					"@executable_path/Frameworks",
				);
				MARKETING_VERSION = 1.0;
				PRODUCT_BUNDLE_IDENTIFIER = "me.aramis.sec-filings";
				PRODUCT_NAME = "$(TARGET_NAME)";
				SWIFT_EMIT_LOC_STRINGS = YES;
				SWIFT_VERSION = 5.0;
				TARGETED_DEVICE_FAMILY = "1,2";
			};
			name = Release;
		};
/* End XCBuildConfiguration section */

/* Begin XCConfigurationList section */
		8069A2A62A12A56300489A06 /* Build configuration list for PBXProject "sec-filings" */ = {
			isa = XCConfigurationList;
			buildConfigurations = (
				8069A2C02A12A56400489A06 /* Debug */,
				8069A2C12A12A56400489A06 /* Release */,
			);
			defaultConfigurationIsVisible = 0;
			defaultConfigurationName = Release;
		};
		8069A2C22A12A56400489A06 /* Build configuration list for PBXNativeTarget "sec-filings" */ = {
			isa = XCConfigurationList;
			buildConfigurations = (
				8069A2C32A12A56400489A06 /* Debug */,
				8069A2C42A12A56400489A06 /* Release */,
			);
			defaultConfigurationIsVisible = 0;
			defaultConfigurationName = Release;
		};
/* End XCConfigurationList section */

/* Begin XCVersionGroup section */
		8069A2B72A12A56300489A06 /* sec_filings.xcdatamodeld */ = {
			isa = XCVersionGroup;
			children = (
				8069A2B82A12A56300489A06 /* sec_filings.xcdatamodel */,
			);
			currentVersion = 8069A2B82A12A56300489A06 /* sec_filings.xcdatamodel */;
			name = sec_filings.xcdatamodeld;
			path = ../sec_filings.xcdatamodeld;
			sourceTree = "<group>";
			versionGroupType = wrapper.xcdatamodel;
		};
/* End XCVersionGroup section */
	};
	rootObject = 8069A2A32A12A56300489A06 /* Project object */;
}
